// !$*UTF8*$!
{
	archiveVersion = 1;
	classes = {
	};
	objectVersion = 46;
	objects = {

/* Begin PBXBuildFile section */
		CF4C16F81563FE7B0078F4D6 /* UIKit.framework in Frameworks */ = {isa = PBXBuildFile; fileRef = CF4C16F71563FE7B0078F4D6 /* UIKit.framework */; };
		CF4C16FA1563FE7B0078F4D6 /* Foundation.framework in Frameworks */ = {isa = PBXBuildFile; fileRef = CF4C16F91563FE7B0078F4D6 /* Foundation.framework */; };
		CF4C16FC1563FE7B0078F4D6 /* CoreGraphics.framework in Frameworks */ = {isa = PBXBuildFile; fileRef = CF4C16FB1563FE7B0078F4D6 /* CoreGraphics.framework */; };
		CF4C17021563FE7B0078F4D6 /* InfoPlist.strings in Resources */ = {isa = PBXBuildFile; fileRef = CF4C17001563FE7B0078F4D6 /* InfoPlist.strings */; };
		CF4C17041563FE7B0078F4D6 /* main.m in Sources */ = {isa = PBXBuildFile; fileRef = CF4C17031563FE7B0078F4D6 /* main.m */; };
		CF4C17081563FE7B0078F4D6 /* HIAppDelegate.m in Sources */ = {isa = PBXBuildFile; fileRef = CF4C17071563FE7B0078F4D6 /* HIAppDelegate.m */; };
		CF7B773A15907F79006F03C6 /* RenderCore.m in Sources */ = {isa = PBXBuildFile; fileRef = CF7B773915907F79006F03C6 /* RenderCore.m */; };
		CF7B774115908129006F03C6 /* TaskManager.m in Sources */ = {isa = PBXBuildFile; fileRef = CF7B774015908129006F03C6 /* TaskManager.m */; };
		CF7E1DE815661A13005D58C9 /* HIFramework_icon.png in Resources */ = {isa = PBXBuildFile; fileRef = CF7E1DE715661A13005D58C9 /* HIFramework_icon.png */; };
		CF7E1DEC15661E12005D58C9 /* OpenGLES.framework in Frameworks */ = {isa = PBXBuildFile; fileRef = CF7E1DEB15661E12005D58C9 /* OpenGLES.framework */; };
		CF7E1DEF15661E9A005D58C9 /* GLKit.framework in Frameworks */ = {isa = PBXBuildFile; fileRef = CF7E1DEE15661E9A005D58C9 /* GLKit.framework */; };
		CF7E1DF315661FDD005D58C9 /* HIApp.m in Sources */ = {isa = PBXBuildFile; fileRef = CF7E1DF215661FDD005D58C9 /* HIApp.m */; };
/* End PBXBuildFile section */

/* Begin PBXFileReference section */
		CF4C16F31563FE7B0078F4D6 /* HIFramework.app */ = {isa = PBXFileReference; explicitFileType = wrapper.application; includeInIndex = 0; path = HIFramework.app; sourceTree = BUILT_PRODUCTS_DIR; };
		CF4C16F71563FE7B0078F4D6 /* UIKit.framework */ = {isa = PBXFileReference; lastKnownFileType = wrapper.framework; name = UIKit.framework; path = System/Library/Frameworks/UIKit.framework; sourceTree = SDKROOT; };
		CF4C16F91563FE7B0078F4D6 /* Foundation.framework */ = {isa = PBXFileReference; lastKnownFileType = wrapper.framework; name = Foundation.framework; path = System/Library/Frameworks/Foundation.framework; sourceTree = SDKROOT; };
		CF4C16FB1563FE7B0078F4D6 /* CoreGraphics.framework */ = {isa = PBXFileReference; lastKnownFileType = wrapper.framework; name = CoreGraphics.framework; path = System/Library/Frameworks/CoreGraphics.framework; sourceTree = SDKROOT; };
		CF4C16FF1563FE7B0078F4D6 /* HIFramework-Info.plist */ = {isa = PBXFileReference; lastKnownFileType = text.plist.xml; path = "HIFramework-Info.plist"; sourceTree = "<group>"; };
		CF4C17011563FE7B0078F4D6 /* en */ = {isa = PBXFileReference; lastKnownFileType = text.plist.strings; name = en; path = en.lproj/InfoPlist.strings; sourceTree = "<group>"; };
		CF4C17031563FE7B0078F4D6 /* main.m */ = {isa = PBXFileReference; lastKnownFileType = sourcecode.c.objc; path = main.m; sourceTree = "<group>"; };
		CF4C17051563FE7B0078F4D6 /* HIFramework-Prefix.pch */ = {isa = PBXFileReference; lastKnownFileType = sourcecode.c.h; path = "HIFramework-Prefix.pch"; sourceTree = "<group>"; };
		CF4C17061563FE7B0078F4D6 /* HIAppDelegate.h */ = {isa = PBXFileReference; lastKnownFileType = sourcecode.c.h; path = HIAppDelegate.h; sourceTree = "<group>"; };
		CF4C17071563FE7B0078F4D6 /* HIAppDelegate.m */ = {isa = PBXFileReference; lastKnownFileType = sourcecode.c.objc; path = HIAppDelegate.m; sourceTree = "<group>"; };
		CF7B773815907F79006F03C6 /* RenderCore.h */ = {isa = PBXFileReference; fileEncoding = 4; lastKnownFileType = sourcecode.c.h; name = RenderCore.h; path = Graphic/RenderCore.h; sourceTree = "<group>"; };
		CF7B773915907F79006F03C6 /* RenderCore.m */ = {isa = PBXFileReference; fileEncoding = 4; lastKnownFileType = sourcecode.c.objc; name = RenderCore.m; path = Graphic/RenderCore.m; sourceTree = "<group>"; };
		CF7B773F15908129006F03C6 /* TaskManager.h */ = {isa = PBXFileReference; fileEncoding = 4; lastKnownFileType = sourcecode.c.h; name = TaskManager.h; path = Task/TaskManager.h; sourceTree = "<group>"; };
		CF7B774015908129006F03C6 /* TaskManager.m */ = {isa = PBXFileReference; fileEncoding = 4; lastKnownFileType = sourcecode.c.objc; name = TaskManager.m; path = Task/TaskManager.m; sourceTree = "<group>"; };
		CF7E1DE715661A13005D58C9 /* HIFramework_icon.png */ = {isa = PBXFileReference; lastKnownFileType = image.png; path = HIFramework_icon.png; sourceTree = "<group>"; };
		CF7E1DEB15661E12005D58C9 /* OpenGLES.framework */ = {isa = PBXFileReference; lastKnownFileType = wrapper.framework; name = OpenGLES.framework; path = System/Library/Frameworks/OpenGLES.framework; sourceTree = SDKROOT; };
		CF7E1DEE15661E9A005D58C9 /* GLKit.framework */ = {isa = PBXFileReference; lastKnownFileType = wrapper.framework; name = GLKit.framework; path = System/Library/Frameworks/GLKit.framework; sourceTree = SDKROOT; };
		CF7E1DF015661F6B005D58C9 /* HIFramework.h */ = {isa = PBXFileReference; lastKnownFileType = sourcecode.c.h; path = HIFramework.h; sourceTree = "<group>"; };
		CF7E1DF115661FDD005D58C9 /* HIApp.h */ = {isa = PBXFileReference; fileEncoding = 4; lastKnownFileType = sourcecode.c.h; name = HIApp.h; path = HIApp/HIApp.h; sourceTree = "<group>"; };
		CF7E1DF215661FDD005D58C9 /* HIApp.m */ = {isa = PBXFileReference; fileEncoding = 4; lastKnownFileType = sourcecode.c.objc; name = HIApp.m; path = HIApp/HIApp.m; sourceTree = "<group>"; };
		CF7E1DF4156625C3005D58C9 /* HIFDefines.h */ = {isa = PBXFileReference; fileEncoding = 4; lastKnownFileType = sourcecode.c.h; name = HIFDefines.h; path = HIApp/HIFDefines.h; sourceTree = "<group>"; };
/* End PBXFileReference section */

/* Begin PBXFrameworksBuildPhase section */
		CF4C16F01563FE7B0078F4D6 /* Frameworks */ = {
			isa = PBXFrameworksBuildPhase;
			buildActionMask = 2147483647;
			files = (
				CF7E1DEF15661E9A005D58C9 /* GLKit.framework in Frameworks */,
				CF7E1DEC15661E12005D58C9 /* OpenGLES.framework in Frameworks */,
				CF4C16F81563FE7B0078F4D6 /* UIKit.framework in Frameworks */,
				CF4C16FA1563FE7B0078F4D6 /* Foundation.framework in Frameworks */,
				CF4C16FC1563FE7B0078F4D6 /* CoreGraphics.framework in Frameworks */,
			);
			runOnlyForDeploymentPostprocessing = 0;
		};
/* End PBXFrameworksBuildPhase section */

/* Begin PBXGroup section */
		CF483820158E431A00529A53 /* Graphic */ = {
			isa = PBXGroup;
			children = (
				CF7B773815907F79006F03C6 /* RenderCore.h */,
				CF7B773915907F79006F03C6 /* RenderCore.m */,
			);
			name = Graphic;
			sourceTree = "<group>";
		};
		CF4C16E81563FE7B0078F4D6 = {
			isa = PBXGroup;
			children = (
				CF7E1DEA15661A20005D58C9 /* Resource */,
				CF4C16FD1563FE7B0078F4D6 /* HIFramework */,
				CF4C16F61563FE7B0078F4D6 /* Frameworks */,
				CF4C16F41563FE7B0078F4D6 /* Products */,
			);
			sourceTree = "<group>";
		};
		CF4C16F41563FE7B0078F4D6 /* Products */ = {
			isa = PBXGroup;
			children = (
				CF4C16F31563FE7B0078F4D6 /* HIFramework.app */,
			);
			name = Products;
			sourceTree = "<group>";
		};
		CF4C16F61563FE7B0078F4D6 /* Frameworks */ = {
			isa = PBXGroup;
			children = (
				CF7E1DEE15661E9A005D58C9 /* GLKit.framework */,
				CF7E1DEB15661E12005D58C9 /* OpenGLES.framework */,
				CF4C16F71563FE7B0078F4D6 /* UIKit.framework */,
				CF4C16F91563FE7B0078F4D6 /* Foundation.framework */,
				CF4C16FB1563FE7B0078F4D6 /* CoreGraphics.framework */,
			);
			name = Frameworks;
			sourceTree = "<group>";
		};
		CF4C16FD1563FE7B0078F4D6 /* HIFramework */ = {
			isa = PBXGroup;
			children = (
				CF7B773E15907FE1006F03C6 /* Gui */,
				CF7B773D15907FDB006F03C6 /* File */,
				CF7B773C15907FD5006F03C6 /* Sound */,
				CF7B773B15907FBD006F03C6 /* Task */,
				CF483820158E431A00529A53 /* Graphic */,
				CF7E1DED15661E6C005D58C9 /* HIApp */,
				CF4C17061563FE7B0078F4D6 /* HIAppDelegate.h */,
				CF4C17071563FE7B0078F4D6 /* HIAppDelegate.m */,
				CF4C16FE1563FE7B0078F4D6 /* Supporting Files */,
				CF7E1DF015661F6B005D58C9 /* HIFramework.h */,
			);
			path = HIFramework;
			sourceTree = "<group>";
		};
		CF4C16FE1563FE7B0078F4D6 /* Supporting Files */ = {
			isa = PBXGroup;
			children = (
				CF4C16FF1563FE7B0078F4D6 /* HIFramework-Info.plist */,
				CF4C17001563FE7B0078F4D6 /* InfoPlist.strings */,
				CF4C17031563FE7B0078F4D6 /* main.m */,
				CF4C17051563FE7B0078F4D6 /* HIFramework-Prefix.pch */,
			);
			name = "Supporting Files";
			sourceTree = "<group>";
		};
		CF7B773B15907FBD006F03C6 /* Task */ = {
			isa = PBXGroup;
			children = (
				CF7B773F15908129006F03C6 /* TaskManager.h */,
				CF7B774015908129006F03C6 /* TaskManager.m */,
			);
			name = Task;
			sourceTree = "<group>";
		};
		CF7B773C15907FD5006F03C6 /* Sound */ = {
			isa = PBXGroup;
			children = (
			);
			name = Sound;
			sourceTree = "<group>";
		};
		CF7B773D15907FDB006F03C6 /* File */ = {
			isa = PBXGroup;
			children = (
			);
			name = File;
			sourceTree = "<group>";
		};
		CF7B773E15907FE1006F03C6 /* Gui */ = {
			isa = PBXGroup;
			children = (
			);
			name = Gui;
			sourceTree = "<group>";
		};
		CF7E1DEA15661A20005D58C9 /* Resource */ = {
			isa = PBXGroup;
			children = (
				CF7E1DE715661A13005D58C9 /* HIFramework_icon.png */,
			);
			name = Resource;
			sourceTree = "<group>";
		};
		CF7E1DED15661E6C005D58C9 /* HIApp */ = {
			isa = PBXGroup;
			children = (
				CF7E1DF115661FDD005D58C9 /* HIApp.h */,
				CF7E1DF215661FDD005D58C9 /* HIApp.m */,
				CF7E1DF4156625C3005D58C9 /* HIFDefines.h */,
			);
			name = HIApp;
			sourceTree = "<group>";
		};
/* End PBXGroup section */

/* Begin PBXNativeTarget section */
		CF4C16F21563FE7B0078F4D6 /* HIFramework */ = {
			isa = PBXNativeTarget;
			buildConfigurationList = CF4C17111563FE7B0078F4D6 /* Build configuration list for PBXNativeTarget "HIFramework" */;
			buildPhases = (
				CF4C16EF1563FE7B0078F4D6 /* Sources */,
				CF4C16F01563FE7B0078F4D6 /* Frameworks */,
				CF4C16F11563FE7B0078F4D6 /* Resources */,
			);
			buildRules = (
			);
			dependencies = (
			);
			name = HIFramework;
			productName = HIFramework;
			productReference = CF4C16F31563FE7B0078F4D6 /* HIFramework.app */;
			productType = "com.apple.product-type.application";
		};
/* End PBXNativeTarget section */

/* Begin PBXProject section */
		CF4C16EA1563FE7B0078F4D6 /* Project object */ = {
			isa = PBXProject;
			attributes = {
				LastUpgradeCheck = 0420;
			};
			buildConfigurationList = CF4C16ED1563FE7B0078F4D6 /* Build configuration list for PBXProject "HIFramework" */;
			compatibilityVersion = "Xcode 3.2";
			developmentRegion = English;
			hasScannedForEncodings = 0;
			knownRegions = (
				en,
			);
			mainGroup = CF4C16E81563FE7B0078F4D6;
			productRefGroup = CF4C16F41563FE7B0078F4D6 /* Products */;
			projectDirPath = "";
			projectRoot = "";
			targets = (
				CF4C16F21563FE7B0078F4D6 /* HIFramework */,
			);
		};
/* End PBXProject section */

/* Begin PBXResourcesBuildPhase section */
		CF4C16F11563FE7B0078F4D6 /* Resources */ = {
			isa = PBXResourcesBuildPhase;
			buildActionMask = 2147483647;
			files = (
				CF4C17021563FE7B0078F4D6 /* InfoPlist.strings in Resources */,
				CF7E1DE815661A13005D58C9 /* HIFramework_icon.png in Resources */,
			);
			runOnlyForDeploymentPostprocessing = 0;
		};
/* End PBXResourcesBuildPhase section */

/* Begin PBXSourcesBuildPhase section */
		CF4C16EF1563FE7B0078F4D6 /* Sources */ = {
			isa = PBXSourcesBuildPhase;
			buildActionMask = 2147483647;
			files = (
				CF4C17041563FE7B0078F4D6 /* main.m in Sources */,
				CF4C17081563FE7B0078F4D6 /* HIAppDelegate.m in Sources */,
				CF7E1DF315661FDD005D58C9 /* HIApp.m in Sources */,
				CF7B773A15907F79006F03C6 /* RenderCore.m in Sources */,
				CF7B774115908129006F03C6 /* TaskManager.m in Sources */,
			);
			runOnlyForDeploymentPostprocessing = 0;
		};
/* End PBXSourcesBuildPhase section */

/* Begin PBXVariantGroup section */
		CF4C17001563FE7B0078F4D6 /* InfoPlist.strings */ = {
			isa = PBXVariantGroup;
			children = (
				CF4C17011563FE7B0078F4D6 /* en */,
			);
			name = InfoPlist.strings;
			sourceTree = "<group>";
		};
/* End PBXVariantGroup section */

/* Begin XCBuildConfiguration section */
		CF4C170F1563FE7B0078F4D6 /* Debug */ = {
			isa = XCBuildConfiguration;
			buildSettings = {
				ALWAYS_SEARCH_USER_PATHS = NO;
				ARCHS = "$(ARCHS_STANDARD_32_BIT)";
				"CODE_SIGN_IDENTITY[sdk=iphoneos*]" = "iPhone Developer";
				COPY_PHASE_STRIP = NO;
				GCC_C_LANGUAGE_STANDARD = gnu99;
				GCC_DYNAMIC_NO_PIC = NO;
				GCC_OPTIMIZATION_LEVEL = 0;
				GCC_PREPROCESSOR_DEFINITIONS = (
					"DEBUG=1",
					"$(inherited)",
				);
				GCC_SYMBOLS_PRIVATE_EXTERN = NO;
				GCC_VERSION = com.apple.compilers.llvm.clang.1_0;
				GCC_WARN_ABOUT_MISSING_PROTOTYPES = YES;
				GCC_WARN_ABOUT_RETURN_TYPE = YES;
				GCC_WARN_UNUSED_VARIABLE = YES;
				IPHONEOS_DEPLOYMENT_TARGET = 5.1;
				SDKROOT = iphoneos;
			};
			name = Debug;
		};
		CF4C17101563FE7B0078F4D6 /* Release */ = {
			isa = XCBuildConfiguration;
			buildSettings = {
				ALWAYS_SEARCH_USER_PATHS = NO;
				ARCHS = "$(ARCHS_STANDARD_32_BIT)";
				"CODE_SIGN_IDENTITY[sdk=iphoneos*]" = "iPhone Developer";
				COPY_PHASE_STRIP = YES;
				GCC_C_LANGUAGE_STANDARD = gnu99;
				GCC_VERSION = com.apple.compilers.llvm.clang.1_0;
				GCC_WARN_ABOUT_MISSING_PROTOTYPES = YES;
				GCC_WARN_ABOUT_RETURN_TYPE = YES;
				GCC_WARN_UNUSED_VARIABLE = YES;
				IPHONEOS_DEPLOYMENT_TARGET = 5.1;
				OTHER_CFLAGS = "-DNS_BLOCK_ASSERTIONS=1";
				SDKROOT = iphoneos;
				VALIDATE_PRODUCT = YES;
			};
			name = Release;
		};
		CF4C17121563FE7B0078F4D6 /* Debug */ = {
			isa = XCBuildConfiguration;
			buildSettings = {
				GCC_PRECOMPILE_PREFIX_HEADER = YES;
				GCC_PREFIX_HEADER = "HIFramework/HIFramework-Prefix.pch";
				INFOPLIST_FILE = "HIFramework/HIFramework-Info.plist";
				PRODUCT_NAME = "$(TARGET_NAME)";
				WRAPPER_EXTENSION = app;
			};
			name = Debug;
		};
		CF4C17131563FE7B0078F4D6 /* Release */ = {
			isa = XCBuildConfiguration;
			buildSettings = {
				GCC_PRECOMPILE_PREFIX_HEADER = YES;
				GCC_PREFIX_HEADER = "HIFramework/HIFramework-Prefix.pch";
				INFOPLIST_FILE = "HIFramework/HIFramework-Info.plist";
				PRODUCT_NAME = "$(TARGET_NAME)";
				WRAPPER_EXTENSION = app;
			};
			name = Release;
		};
/* End XCBuildConfiguration section */

/* Begin XCConfigurationList section */
		CF4C16ED1563FE7B0078F4D6 /* Build configuration list for PBXProject "HIFramework" */ = {
			isa = XCConfigurationList;
			buildConfigurations = (
				CF4C170F1563FE7B0078F4D6 /* Debug */,
				CF4C17101563FE7B0078F4D6 /* Release */,
			);
			defaultConfigurationIsVisible = 0;
			defaultConfigurationName = Release;
		};
		CF4C17111563FE7B0078F4D6 /* Build configuration list for PBXNativeTarget "HIFramework" */ = {
			isa = XCConfigurationList;
			buildConfigurations = (
				CF4C17121563FE7B0078F4D6 /* Debug */,
				CF4C17131563FE7B0078F4D6 /* Release */,
			);
			defaultConfigurationIsVisible = 0;
			defaultConfigurationName = Release;
		};
/* End XCConfigurationList section */
	};
	rootObject = CF4C16EA1563FE7B0078F4D6 /* Project object */;
}
